// !$*UTF8*$!
{
	archiveVersion = 1;
	classes = {
	};
	objectVersion = 46;
	objects = {

/* Begin PBXBuildFile section */
		1B2A6CFA1BE1C97300458415 /* Assets.xcassets in Resources */ = {isa = PBXBuildFile; fileRef = 1B2A6CF91BE1C97300458415 /* Assets.xcassets */; };
		1B4E11DA1BE19F9200E01B43 /* main.m in Sources */ = {isa = PBXBuildFile; fileRef = 1B4E11D91BE19F9200E01B43 /* main.m */; };
		1B4E11DD1BE19F9200E01B43 /* AppDelegate.m in Sources */ = {isa = PBXBuildFile; fileRef = 1B4E11DC1BE19F9200E01B43 /* AppDelegate.m */; };
		1B4E11E01BE19F9200E01B43 /* ViewController.m in Sources */ = {isa = PBXBuildFile; fileRef = 1B4E11DF1BE19F9200E01B43 /* ViewController.m */; };
		1B4E11E31BE19F9200E01B43 /* Main.storyboard in Resources */ = {isa = PBXBuildFile; fileRef = 1B4E11E11BE19F9200E01B43 /* Main.storyboard */; };
		1B4E11E61BE19F9200E01B43 /* FactoryCode.xcdatamodeld in Sources */ = {isa = PBXBuildFile; fileRef = 1B4E11E41BE19F9200E01B43 /* FactoryCode.xcdatamodeld */; };
		1B4E11EB1BE19F9200E01B43 /* LaunchScreen.storyboard in Resources */ = {isa = PBXBuildFile; fileRef = 1B4E11E91BE19F9200E01B43 /* LaunchScreen.storyboard */; };
		1B4E11F61BE19F9200E01B43 /* FactoryCodeTests.m in Sources */ = {isa = PBXBuildFile; fileRef = 1B4E11F51BE19F9200E01B43 /* FactoryCodeTests.m */; };
		1B4E12011BE19F9200E01B43 /* FactoryCodeUITests.m in Sources */ = {isa = PBXBuildFile; fileRef = 1B4E12001BE19F9200E01B43 /* FactoryCodeUITests.m */; };
/* End PBXBuildFile section */

/* Begin PBXContainerItemProxy section */
		1B4E11F21BE19F9200E01B43 /* PBXContainerItemProxy */ = {
			isa = PBXContainerItemProxy;
			containerPortal = 1B4E11CD1BE19F9200E01B43 /* Project object */;
			proxyType = 1;
			remoteGlobalIDString = 1B4E11D41BE19F9200E01B43;
			remoteInfo = FactoryCode;
		};
		1B4E11FD1BE19F9200E01B43 /* PBXContainerItemProxy */ = {
			isa = PBXContainerItemProxy;
			containerPortal = 1B4E11CD1BE19F9200E01B43 /* Project object */;
			proxyType = 1;
			remoteGlobalIDString = 1B4E11D41BE19F9200E01B43;
			remoteInfo = FactoryCode;
		};
/* End PBXContainerItemProxy section */

/* Begin PBXFileReference section */
		1B2A6CF91BE1C97300458415 /* Assets.xcassets */ = {isa = PBXFileReference; lastKnownFileType = folder.assetcatalog; path = Assets.xcassets; sourceTree = "<group>"; };
		1B4E11D51BE19F9200E01B43 /* FactoryCode.app */ = {isa = PBXFileReference; explicitFileType = wrapper.application; includeInIndex = 0; path = FactoryCode.app; sourceTree = BUILT_PRODUCTS_DIR; };
		1B4E11D91BE19F9200E01B43 /* main.m */ = {isa = PBXFileReference; lastKnownFileType = sourcecode.c.objc; path = main.m; sourceTree = "<group>"; };
		1B4E11DB1BE19F9200E01B43 /* AppDelegate.h */ = {isa = PBXFileReference; lastKnownFileType = sourcecode.c.h; path = AppDelegate.h; sourceTree = "<group>"; };
		1B4E11DC1BE19F9200E01B43 /* AppDelegate.m */ = {isa = PBXFileReference; lastKnownFileType = sourcecode.c.objc; path = AppDelegate.m; sourceTree = "<group>"; };
		1B4E11DE1BE19F9200E01B43 /* ViewController.h */ = {isa = PBXFileReference; lastKnownFileType = sourcecode.c.h; path = ViewController.h; sourceTree = "<group>"; };
		1B4E11DF1BE19F9200E01B43 /* ViewController.m */ = {isa = PBXFileReference; lastKnownFileType = sourcecode.c.objc; path = ViewController.m; sourceTree = "<group>"; };
		1B4E11E21BE19F9200E01B43 /* Base */ = {isa = PBXFileReference; lastKnownFileType = file.storyboard; name = Base; path = Base.lproj/Main.storyboard; sourceTree = "<group>"; };
		1B4E11E51BE19F9200E01B43 /* FactoryCode.xcdatamodel */ = {isa = PBXFileReference; lastKnownFileType = wrapper.xcdatamodel; path = FactoryCode.xcdatamodel; sourceTree = "<group>"; };
		1B4E11EA1BE19F9200E01B43 /* Base */ = {isa = PBXFileReference; lastKnownFileType = file.storyboard; name = Base; path = Base.lproj/LaunchScreen.storyboard; sourceTree = "<group>"; };
		1B4E11EC1BE19F9200E01B43 /* Info.plist */ = {isa = PBXFileReference; lastKnownFileType = text.plist.xml; path = Info.plist; sourceTree = "<group>"; };
		1B4E11F11BE19F9200E01B43 /* FactoryCodeTests.xctest */ = {isa = PBXFileReference; explicitFileType = wrapper.cfbundle; includeInIndex = 0; path = FactoryCodeTests.xctest; sourceTree = BUILT_PRODUCTS_DIR; };
		1B4E11F51BE19F9200E01B43 /* FactoryCodeTests.m */ = {isa = PBXFileReference; lastKnownFileType = sourcecode.c.objc; path = FactoryCodeTests.m; sourceTree = "<group>"; };
		1B4E11F71BE19F9200E01B43 /* Info.plist */ = {isa = PBXFileReference; lastKnownFileType = text.plist.xml; path = Info.plist; sourceTree = "<group>"; };
		1B4E11FC1BE19F9200E01B43 /* FactoryCodeUITests.xctest */ = {isa = PBXFileReference; explicitFileType = wrapper.cfbundle; includeInIndex = 0; path = FactoryCodeUITests.xctest; sourceTree = BUILT_PRODUCTS_DIR; };
		1B4E12001BE19F9200E01B43 /* FactoryCodeUITests.m */ = {isa = PBXFileReference; lastKnownFileType = sourcecode.c.objc; path = FactoryCodeUITests.m; sourceTree = "<group>"; };
		1B4E12021BE19F9200E01B43 /* Info.plist */ = {isa = PBXFileReference; lastKnownFileType = text.plist.xml; path = Info.plist; sourceTree = "<group>"; };
/* End PBXFileReference section */

/* Begin PBXFrameworksBuildPhase section */
		1B4E11D21BE19F9200E01B43 /* Frameworks */ = {
			isa = PBXFrameworksBuildPhase;
			buildActionMask = 2147483647;
			files = (
			);
			runOnlyForDeploymentPostprocessing = 0;
		};
		1B4E11EE1BE19F9200E01B43 /* Frameworks */ = {
			isa = PBXFrameworksBuildPhase;
			buildActionMask = 2147483647;
			files = (
			);
			runOnlyForDeploymentPostprocessing = 0;
		};
		1B4E11F91BE19F9200E01B43 /* Frameworks */ = {
			isa = PBXFrameworksBuildPhase;
			buildActionMask = 2147483647;
			files = (
			);
			runOnlyForDeploymentPostprocessing = 0;
		};
/* End PBXFrameworksBuildPhase section */

/* Begin PBXGroup section */
		1B4E11CC1BE19F9200E01B43 = {
			isa = PBXGroup;
			children = (
				1B4E11D71BE19F9200E01B43 /* FactoryCode */,
				1B4E11F41BE19F9200E01B43 /* FactoryCodeTests */,
				1B4E11FF1BE19F9200E01B43 /* FactoryCodeUITests */,
				1B4E11D61BE19F9200E01B43 /* Products */,
			);
			sourceTree = "<group>";
		};
		1B4E11D61BE19F9200E01B43 /* Products */ = {
			isa = PBXGroup;
			children = (
				1B4E11D51BE19F9200E01B43 /* FactoryCode.app */,
				1B4E11F11BE19F9200E01B43 /* FactoryCodeTests.xctest */,
				1B4E11FC1BE19F9200E01B43 /* FactoryCodeUITests.xctest */,
			);
			name = Products;
			sourceTree = "<group>";
		};
		1B4E11D71BE19F9200E01B43 /* FactoryCode */ = {
			isa = PBXGroup;
			children = (
				1B4E11DB1BE19F9200E01B43 /* AppDelegate.h */,
				1B4E11DC1BE19F9200E01B43 /* AppDelegate.m */,
				1B4E11DE1BE19F9200E01B43 /* ViewController.h */,
				1B4E11DF1BE19F9200E01B43 /* ViewController.m */,
				1B2A6CF91BE1C97300458415 /* Assets.xcassets */,
				1B4E11E11BE19F9200E01B43 /* Main.storyboard */,
				1B4E11E91BE19F9200E01B43 /* LaunchScreen.storyboard */,
				1B4E11EC1BE19F9200E01B43 /* Info.plist */,
				1B4E11E41BE19F9200E01B43 /* FactoryCode.xcdatamodeld */,
				1B4E11D81BE19F9200E01B43 /* Supporting Files */,
			);
			path = FactoryCode;
			sourceTree = "<group>";
		};
		1B4E11D81BE19F9200E01B43 /* Supporting Files */ = {
			isa = PBXGroup;
			children = (
				1B4E11D91BE19F9200E01B43 /* main.m */,
			);
			name = "Supporting Files";
			sourceTree = "<group>";
		};
		1B4E11F41BE19F9200E01B43 /* FactoryCodeTests */ = {
			isa = PBXGroup;
			children = (
				1B4E11F51BE19F9200E01B43 /* FactoryCodeTests.m */,
				1B4E11F71BE19F9200E01B43 /* Info.plist */,
			);
			path = FactoryCodeTests;
			sourceTree = "<group>";
		};
		1B4E11FF1BE19F9200E01B43 /* FactoryCodeUITests */ = {
			isa = PBXGroup;
			children = (
				1B4E12001BE19F9200E01B43 /* FactoryCodeUITests.m */,
				1B4E12021BE19F9200E01B43 /* Info.plist */,
			);
			path = FactoryCodeUITests;
			sourceTree = "<group>";
		};
/* End PBXGroup section */

/* Begin PBXNativeTarget section */
		1B4E11D41BE19F9200E01B43 /* FactoryCode */ = {
			isa = PBXNativeTarget;
			buildConfigurationList = 1B4E12051BE19F9200E01B43 /* Build configuration list for PBXNativeTarget "FactoryCode" */;
			buildPhases = (
				1B4E11D11BE19F9200E01B43 /* Sources */,
				1B4E11D21BE19F9200E01B43 /* Frameworks */,
				1B4E11D31BE19F9200E01B43 /* Resources */,
			);
			buildRules = (
			);
			dependencies = (
			);
			name = FactoryCode;
			productName = FactoryCode;
			productReference = 1B4E11D51BE19F9200E01B43 /* FactoryCode.app */;
			productType = "com.apple.product-type.application";
		};
		1B4E11F01BE19F9200E01B43 /* FactoryCodeTests */ = {
			isa = PBXNativeTarget;
			buildConfigurationList = 1B4E12081BE19F9200E01B43 /* Build configuration list for PBXNativeTarget "FactoryCodeTests" */;
			buildPhases = (
				1B4E11ED1BE19F9200E01B43 /* Sources */,
				1B4E11EE1BE19F9200E01B43 /* Frameworks */,
				1B4E11EF1BE19F9200E01B43 /* Resources */,
			);
			buildRules = (
			);
			dependencies = (
				1B4E11F31BE19F9200E01B43 /* PBXTargetDependency */,
			);
			name = FactoryCodeTests;
			productName = FactoryCodeTests;
			productReference = 1B4E11F11BE19F9200E01B43 /* FactoryCodeTests.xctest */;
			productType = "com.apple.product-type.bundle.unit-test";
		};
		1B4E11FB1BE19F9200E01B43 /* FactoryCodeUITests */ = {
			isa = PBXNativeTarget;
			buildConfigurationList = 1B4E120B1BE19F9200E01B43 /* Build configuration list for PBXNativeTarget "FactoryCodeUITests" */;
			buildPhases = (
				1B4E11F81BE19F9200E01B43 /* Sources */,
				1B4E11F91BE19F9200E01B43 /* Frameworks */,
				1B4E11FA1BE19F9200E01B43 /* Resources */,
			);
			buildRules = (
			);
			dependencies = (
				1B4E11FE1BE19F9200E01B43 /* PBXTargetDependency */,
			);
			name = FactoryCodeUITests;
			productName = FactoryCodeUITests;
			productReference = 1B4E11FC1BE19F9200E01B43 /* FactoryCodeUITests.xctest */;
			productType = "com.apple.product-type.bundle.ui-testing";
		};
/* End PBXNativeTarget section */

/* Begin PBXProject section */
		1B4E11CD1BE19F9200E01B43 /* Project object */ = {
			isa = PBXProject;
			attributes = {
				LastUpgradeCheck = 0710;
				ORGANIZATIONNAME = 029lujiang;
				TargetAttributes = {
					1B4E11D41BE19F9200E01B43 = {
						CreatedOnToolsVersion = 7.1;
						DevelopmentTeam = 793MXM64YU;
					};
					1B4E11F01BE19F9200E01B43 = {
						CreatedOnToolsVersion = 7.1;
						DevelopmentTeam = 793MXM64YU;
						TestTargetID = 1B4E11D41BE19F9200E01B43;
					};
					1B4E11FB1BE19F9200E01B43 = {
						CreatedOnToolsVersion = 7.1;
						DevelopmentTeam = 793MXM64YU;
						TestTargetID = 1B4E11D41BE19F9200E01B43;
					};
				};
			};
			buildConfigurationList = 1B4E11D01BE19F9200E01B43 /* Build configuration list for PBXProject "FactoryCode" */;
			compatibilityVersion = "Xcode 3.2";
			developmentRegion = English;
			hasScannedForEncodings = 0;
			knownRegions = (
				en,
				Base,
			);
			mainGroup = 1B4E11CC1BE19F9200E01B43;
			productRefGroup = 1B4E11D61BE19F9200E01B43 /* Products */;
			projectDirPath = "";
			projectRoot = "";
			targets = (
				1B4E11D41BE19F9200E01B43 /* FactoryCode */,
				1B4E11F01BE19F9200E01B43 /* FactoryCodeTests */,
				1B4E11FB1BE19F9200E01B43 /* FactoryCodeUITests */,
			);
		};
/* End PBXProject section */

/* Begin PBXResourcesBuildPhase section */
		1B4E11D31BE19F9200E01B43 /* Resources */ = {
			isa = PBXResourcesBuildPhase;
			buildActionMask = 2147483647;
			files = (
				1B4E11EB1BE19F9200E01B43 /* LaunchScreen.storyboard in Resources */,
				1B2A6CFA1BE1C97300458415 /* Assets.xcassets in Resources */,
				1B4E11E31BE19F9200E01B43 /* Main.storyboard in Resources */,
			);
			runOnlyForDeploymentPostprocessing = 0;
		};
		1B4E11EF1BE19F9200E01B43 /* Resources */ = {
			isa = PBXResourcesBuildPhase;
			buildActionMask = 2147483647;
			files = (
			);
			runOnlyForDeploymentPostprocessing = 0;
		};
		1B4E11FA1BE19F9200E01B43 /* Resources */ = {
			isa = PBXResourcesBuildPhase;
			buildActionMask = 2147483647;
			files = (
			);
			runOnlyForDeploymentPostprocessing = 0;
		};
/* End PBXResourcesBuildPhase section */

/* Begin PBXSourcesBuildPhase section */
		1B4E11D11BE19F9200E01B43 /* Sources */ = {
			isa = PBXSourcesBuildPhase;
			buildActionMask = 2147483647;
			files = (
				1B4E11E01BE19F9200E01B43 /* ViewController.m in Sources */,
				1B4E11DD1BE19F9200E01B43 /* AppDelegate.m in Sources */,
				1B4E11DA1BE19F9200E01B43 /* main.m in Sources */,
				1B4E11E61BE19F9200E01B43 /* FactoryCode.xcdatamodeld in Sources */,
			);
			runOnlyForDeploymentPostprocessing = 0;
		};
		1B4E11ED1BE19F9200E01B43 /* Sources */ = {
			isa = PBXSourcesBuildPhase;
			buildActionMask = 2147483647;
			files = (
				1B4E11F61BE19F9200E01B43 /* FactoryCodeTests.m in Sources */,
			);
			runOnlyForDeploymentPostprocessing = 0;
		};
		1B4E11F81BE19F9200E01B43 /* Sources */ = {
			isa = PBXSourcesBuildPhase;
			buildActionMask = 2147483647;
			files = (
				1B4E12011BE19F9200E01B43 /* FactoryCodeUITests.m in Sources */,
			);
			runOnlyForDeploymentPostprocessing = 0;
		};
/* End PBXSourcesBuildPhase section */

/* Begin PBXTargetDependency section */
		1B4E11F31BE19F9200E01B43 /* PBXTargetDependency */ = {
			isa = PBXTargetDependency;
			target = 1B4E11D41BE19F9200E01B43 /* FactoryCode */;
			targetProxy = 1B4E11F21BE19F9200E01B43 /* PBXContainerItemProxy */;
		};
		1B4E11FE1BE19F9200E01B43 /* PBXTargetDependency */ = {
			isa = PBXTargetDependency;
			target = 1B4E11D41BE19F9200E01B43 /* FactoryCode */;
			targetProxy = 1B4E11FD1BE19F9200E01B43 /* PBXContainerItemProxy */;
		};
/* End PBXTargetDependency section */

/* Begin PBXVariantGroup section */
		1B4E11E11BE19F9200E01B43 /* Main.storyboard */ = {
			isa = PBXVariantGroup;
			children = (
				1B4E11E21BE19F9200E01B43 /* Base */,
			);
			name = Main.storyboard;
			sourceTree = "<group>";
		};
		1B4E11E91BE19F9200E01B43 /* LaunchScreen.storyboard */ = {
			isa = PBXVariantGroup;
			children = (
				1B4E11EA1BE19F9200E01B43 /* Base */,
			);
			name = LaunchScreen.storyboard;
			sourceTree = "<group>";
		};
/* End PBXVariantGroup section */

/* Begin XCBuildConfiguration section */
		1B4E12031BE19F9200E01B43 /* Debug */ = {
			isa = XCBuildConfiguration;
			buildSettings = {
				ALWAYS_SEARCH_USER_PATHS = NO;
				CLANG_CXX_LANGUAGE_STANDARD = "gnu++0x";
				CLANG_CXX_LIBRARY = "libc++";
				CLANG_ENABLE_MODULES = YES;
				CLANG_ENABLE_OBJC_ARC = YES;
				CLANG_WARN_BOOL_CONVERSION = YES;
				CLANG_WARN_CONSTANT_CONVERSION = YES;
				CLANG_WARN_DIRECT_OBJC_ISA_USAGE = YES_ERROR;
				CLANG_WARN_EMPTY_BODY = YES;
				CLANG_WARN_ENUM_CONVERSION = YES;
				CLANG_WARN_INT_CONVERSION = YES;
				CLANG_WARN_OBJC_ROOT_CLASS = YES_ERROR;
				CLANG_WARN_UNREACHABLE_CODE = YES;
				CLANG_WARN__DUPLICATE_METHOD_MATCH = YES;
				"CODE_SIGN_IDENTITY[sdk=iphoneos*]" = "iPhone Developer";
				COPY_PHASE_STRIP = NO;
				DEBUG_INFORMATION_FORMAT = dwarf;
				ENABLE_STRICT_OBJC_MSGSEND = YES;
				ENABLE_TESTABILITY = YES;
				GCC_C_LANGUAGE_STANDARD = gnu99;
				GCC_DYNAMIC_NO_PIC = NO;
				GCC_NO_COMMON_BLOCKS = YES;
				GCC_OPTIMIZATION_LEVEL = 0;
				GCC_PREPROCESSOR_DEFINITIONS = (
					"DEBUG=1",
					"$(inherited)",
				);
				GCC_WARN_64_TO_32_BIT_CONVERSION = YES;
				GCC_WARN_ABOUT_RETURN_TYPE = YES_ERROR;
				GCC_WARN_UNDECLARED_SELECTOR = YES;
				GCC_WARN_UNINITIALIZED_AUTOS = YES_AGGRESSIVE;
				GCC_WARN_UNUSED_FUNCTION = YES;
				GCC_WARN_UNUSED_VARIABLE = YES;
				IPHONEOS_DEPLOYMENT_TARGET = 9.1;
				MTL_ENABLE_DEBUG_INFO = YES;
				ONLY_ACTIVE_ARCH = YES;
				SDKROOT = iphoneos;
			};
			name = Debug;
		};
		1B4E12041BE19F9200E01B43 /* Release */ = {
			isa = XCBuildConfiguration;
			buildSettings = {
				ALWAYS_SEARCH_USER_PATHS = NO;
				CLANG_CXX_LANGUAGE_STANDARD = "gnu++0x";
				CLANG_CXX_LIBRARY = "libc++";
				CLANG_ENABLE_MODULES = YES;
				CLANG_ENABLE_OBJC_ARC = YES;
				CLANG_WARN_BOOL_CONVERSION = YES;
				CLANG_WARN_CONSTANT_CONVERSION = YES;
				CLANG_WARN_DIRECT_OBJC_ISA_USAGE = YES_ERROR;
				CLANG_WARN_EMPTY_BODY = YES;
				CLANG_WARN_ENUM_CONVERSION = YES;
				CLANG_WARN_INT_CONVERSION = YES;
				CLANG_WARN_OBJC_ROOT_CLASS = YES_ERROR;
				CLANG_WARN_UNREACHABLE_CODE = YES;
				CLANG_WARN__DUPLICATE_METHOD_MATCH = YES;
				"CODE_SIGN_IDENTITY[sdk=iphoneos*]" = "iPhone Developer";
				COPY_PHASE_STRIP = NO;
				DEBUG_INFORMATION_FORMAT = "dwarf-with-dsym";
				ENABLE_NS_ASSERTIONS = NO;
				ENABLE_STRICT_OBJC_MSGSEND = YES;
				GCC_C_LANGUAGE_STANDARD = gnu99;
				GCC_NO_COMMON_BLOCKS = YES;
				GCC_WARN_64_TO_32_BIT_CONVERSION = YES;
				GCC_WARN_ABOUT_RETURN_TYPE = YES_ERROR;
				GCC_WARN_UNDECLARED_SELECTOR = YES;
				GCC_WARN_UNINITIALIZED_AUTOS = YES_AGGRESSIVE;
				GCC_WARN_UNUSED_FUNCTION = YES;
				GCC_WARN_UNUSED_VARIABLE = YES;
				IPHONEOS_DEPLOYMENT_TARGET = 9.1;
				MTL_ENABLE_DEBUG_INFO = NO;
				SDKROOT = iphoneos;
				VALIDATE_PRODUCT = YES;
			};
			name = Release;
		};
		1B4E12061BE19F9200E01B43 /* Debug */ = {
			isa = XCBuildConfiguration;
			buildSettings = {
				ASSETCATALOG_COMPILER_APPICON_NAME = AppIcon;
				INFOPLIST_FILE = FactoryCode/Info.plist;
				IPHONEOS_DEPLOYMENT_TARGET = 9.0;
				LD_RUNPATH_SEARCH_PATHS = "$(inherited) @executable_path/Frameworks";
				PRODUCT_BUNDLE_IDENTIFIER = com.029lujiang.FactoryCode;
				PRODUCT_NAME = "$(TARGET_NAME)";
			};
			name = Debug;
		};
		1B4E12071BE19F9200E01B43 /* Release */ = {
			isa = XCBuildConfiguration;
			buildSettings = {
				ASSETCATALOG_COMPILER_APPICON_NAME = AppIcon;
				INFOPLIST_FILE = FactoryCode/Info.plist;
				IPHONEOS_DEPLOYMENT_TARGET = 9.0;
				LD_RUNPATH_SEARCH_PATHS = "$(inherited) @executable_path/Frameworks";
				PRODUCT_BUNDLE_IDENTIFIER = com.029lujiang.FactoryCode;
				PRODUCT_NAME = "$(TARGET_NAME)";
			};
			name = Release;
		};
		1B4E12091BE19F9200E01B43 /* Debug */ = {
			isa = XCBuildConfiguration;
			buildSettings = {
				BUNDLE_LOADER = "$(TEST_HOST)";
				INFOPLIST_FILE = FactoryCodeTests/Info.plist;
				LD_RUNPATH_SEARCH_PATHS = "$(inherited) @executable_path/Frameworks @loader_path/Frameworks";
				PRODUCT_BUNDLE_IDENTIFIER = com.029lujiang.FactoryCodeTests;
				PRODUCT_NAME = "$(TARGET_NAME)";
				TEST_HOST = "$(BUILT_PRODUCTS_DIR)/FactoryCode.app/FactoryCode";
			};
			name = Debug;
		};
		1B4E120A1BE19F9200E01B43 /* Release */ = {
			isa = XCBuildConfiguration;
			buildSettings = {
				BUNDLE_LOADER = "$(TEST_HOST)";
				INFOPLIST_FILE = FactoryCodeTests/Info.plist;
				LD_RUNPATH_SEARCH_PATHS = "$(inherited) @executable_path/Frameworks @loader_path/Frameworks";
				PRODUCT_BUNDLE_IDENTIFIER = com.029lujiang.FactoryCodeTests;
				PRODUCT_NAME = "$(TARGET_NAME)";
				TEST_HOST = "$(BUILT_PRODUCTS_DIR)/FactoryCode.app/FactoryCode";
			};
			name = Release;
		};
		1B4E120C1BE19F9200E01B43 /* Debug */ = {
			isa = XCBuildConfiguration;
			buildSettings = {
				INFOPLIST_FILE = FactoryCodeUITests/Info.plist;
				LD_RUNPATH_SEARCH_PATHS = "$(inherited) @executable_path/Frameworks @loader_path/Frameworks";
				PRODUCT_BUNDLE_IDENTIFIER = com.029lujiang.FactoryCodeUITests;
				PRODUCT_NAME = "$(TARGET_NAME)";
				TEST_TARGET_NAME = FactoryCode;
				USES_XCTRUNNER = YES;
			};
			name = Debug;
		};
		1B4E120D1BE19F9200E01B43 /* Release */ = {
			isa = XCBuildConfiguration;
			buildSettings = {
				INFOPLIST_FILE = FactoryCodeUITests/Info.plist;
				LD_RUNPATH_SEARCH_PATHS = "$(inherited) @executable_path/Frameworks @loader_path/Frameworks";
				PRODUCT_BUNDLE_IDENTIFIER = com.029lujiang.FactoryCodeUITests;
				PRODUCT_NAME = "$(TARGET_NAME)";
				TEST_TARGET_NAME = FactoryCode;
				USES_XCTRUNNER = YES;
			};
			name = Release;
		};
/* End XCBuildConfiguration section */

/* Begin XCConfigurationList section */
		1B4E11D01BE19F9200E01B43 /* Build configuration list for PBXProject "FactoryCode" */ = {
			isa = XCConfigurationList;
			buildConfigurations = (
				1B4E12031BE19F9200E01B43 /* Debug */,
				1B4E12041BE19F9200E01B43 /* Release */,
			);
			defaultConfigurationIsVisible = 0;
			defaultConfigurationName = Release;
		};
		1B4E12051BE19F9200E01B43 /* Build configuration list for PBXNativeTarget "FactoryCode" */ = {
			isa = XCConfigurationList;
			buildConfigurations = (
				1B4E12061BE19F9200E01B43 /* Debug */,
				1B4E12071BE19F9200E01B43 /* Release */,
			);
			defaultConfigurationIsVisible = 0;
			defaultConfigurationName = Release;
		};
		1B4E12081BE19F9200E01B43 /* Build configuration list for PBXNativeTarget "FactoryCodeTests" */ = {
			isa = XCConfigurationList;
			buildConfigurations = (
				1B4E12091BE19F9200E01B43 /* Debug */,
				1B4E120A1BE19F9200E01B43 /* Release */,
			);
			defaultConfigurationIsVisible = 0;
			defaultConfigurationName = Release;
		};
		1B4E120B1BE19F9200E01B43 /* Build configuration list for PBXNativeTarget "FactoryCodeUITests" */ = {
			isa = XCConfigurationList;
			buildConfigurations = (
				1B4E120C1BE19F9200E01B43 /* Debug */,
				1B4E120D1BE19F9200E01B43 /* Release */,
			);
			defaultConfigurationIsVisible = 0;
			defaultConfigurationName = Release;
		};
/* End XCConfigurationList section */

/* Begin XCVersionGroup section */
		1B4E11E41BE19F9200E01B43 /* FactoryCode.xcdatamodeld */ = {
			isa = XCVersionGroup;
			children = (
				1B4E11E51BE19F9200E01B43 /* FactoryCode.xcdatamodel */,
			);
			currentVersion = 1B4E11E51BE19F9200E01B43 /* FactoryCode.xcdatamodel */;
			path = FactoryCode.xcdatamodeld;
			sourceTree = "<group>";
			versionGroupType = wrapper.xcdatamodel;
		};
/* End XCVersionGroup section */
	};
	rootObject = 1B4E11CD1BE19F9200E01B43 /* Project object */;
}
